[[package]]
category = "dev"
description = "Disable App Nap on OS X 10.9"
marker = "python_version >= \"3.3\" and sys_platform == \"darwin\" or sys_platform == \"darwin\""
name = "appnope"
optional = false
python-versions = "*"
version = "0.1.0"

[[package]]
category = "dev"
description = "Fast ASN.1 parser and serializer with definitions for private keys, public keys, certificates, CRL, OCSP, CMS, PKCS#3, PKCS#7, PKCS#8, PKCS#12, PKCS#5, X.509 and TSP"
name = "asn1crypto"
optional = false
python-versions = "*"
version = "0.24.0"

[[package]]
category = "dev"
description = "Specifications for callback functions passed in to an API"
name = "backcall"
optional = false
python-versions = "*"
version = "0.1.0"

[[package]]
category = "dev"
description = "Modern password hashing for your software and your servers"
name = "bcrypt"
optional = false
python-versions = ">=2.7, !=3.0.*, !=3.1.*, !=3.2.*, !=3.3.*"
version = "3.1.7"

[package.dependencies]
cffi = ">=1.1"
six = ">=1.4.1"

[package.extras]
tests = ["pytest (>=3.2.1,<3.3.0 || >3.3.0)"]

[[package]]
category = "dev"
description = "Foreign Function Interface for Python calling C code."
name = "cffi"
optional = false
python-versions = "*"
version = "1.12.3"

[package.dependencies]
pycparser = "*"

[[package]]
category = "dev"
description = "Cross-platform colored terminal text."
marker = "python_version >= \"3.3\" and sys_platform == \"win32\" or sys_platform == \"win32\""
name = "colorama"
optional = false
python-versions = ">=2.7, !=3.0.*, !=3.1.*, !=3.2.*, !=3.3.*"
version = "0.4.1"

[[package]]
category = "dev"
description = "cryptography is a package which provides cryptographic recipes and primitives to Python developers."
name = "cryptography"
optional = false
python-versions = ">=2.7,!=3.0.*,!=3.1.*,!=3.2.*,!=3.3.*"
version = "2.7"

[package.dependencies]
asn1crypto = ">=0.21.0"
cffi = ">=1.8,<1.11.3 || >1.11.3"
six = ">=1.4.1"

[package.extras]
docs = ["sphinx (>=1.6.5,<1.8.0 || >1.8.0)", "sphinx-rtd-theme"]
docstest = ["doc8", "pyenchant (>=1.6.11)", "twine (>=1.12.0)", "sphinxcontrib-spelling (>=4.0.1)"]
idna = ["idna (>=2.1)"]
pep8test = ["flake8", "flake8-import-order", "pep8-naming"]
test = ["pytest (>=3.6.0,<3.9.0 || >3.9.0,<3.9.1 || >3.9.1,<3.9.2 || >3.9.2)", "pretend", "iso8601", "pytz", "hypothesis (>=1.11.4,<3.79.2 || >3.79.2)"]

[[package]]
category = "dev"
description = "Better living through Python with decorators"
name = "decorator"
optional = false
python-versions = ">=2.6, !=3.0.*, !=3.1.*"
version = "4.4.0"

[[package]]
category = "main"
description = "A high-level Python Web framework that encourages rapid development and clean, pragmatic design."
name = "django"
optional = false
python-versions = ">=3.5"
version = "2.2.13"

[package.dependencies]
pytz = "*"
sqlparse = "*"

[package.extras]
argon2 = ["argon2-cffi (>=16.1.0)"]
bcrypt = ["bcrypt"]

[[package]]
category = "main"
description = "A configurable set of panels that display various debug information about the current request/response."
name = "django-debug-toolbar"
optional = false
python-versions = ">=2.7, !=3.0.*, !=3.1.*, !=3.2.*, !=3.3.*"
version = "1.11"

[package.dependencies]
Django = ">=1.11"
sqlparse = ">=0.2.0"

[[package]]
category = "dev"
description = "Fabric is a simple, Pythonic tool for remote execution and deployment (py2.7/py3.4+ compatible fork)."
name = "fabric3"
optional = false
python-versions = "*"
version = "1.14.post1"

[package.dependencies]
paramiko = ">=2.0,<3.0"
six = ">=1.10.0"

[[package]]
category = "main"
description = "WSGI HTTP Server for UNIX"
name = "gunicorn"
optional = false
python-versions = ">=2.6, !=3.0.*, !=3.1.*"
version = "19.9.0"

[package.extras]
eventlet = ["eventlet (>=0.9.7)"]
gevent = ["gevent (>=0.13)"]
tornado = ["tornado (>=0.2)"]

[[package]]
category = "dev"
description = "IPython-enabled pdb"
name = "ipdb"
optional = false
python-versions = ">=2.7"
version = "0.11"

[package.dependencies]
setuptools = "*"

[package.dependencies.ipython]
python = ">=3.3"
version = ">=5.0.0"

[[package]]
category = "dev"
description = "IPython: Productive Interactive Computing"
name = "ipython"
optional = false
python-versions = ">=3.3"
version = "6.5.0"

[package.dependencies]
appnope = "*"
backcall = "*"
colorama = "*"
decorator = "*"
jedi = ">=0.10"
pexpect = "*"
pickleshare = "*"
prompt-toolkit = ">=1.0.15,<2.0.0"
pygments = "*"
setuptools = ">=18.5"
simplegeneric = ">0.8"
traitlets = ">=4.2"

[package.extras]
all = ["requests", "nbformat", "ipykernel", "ipyparallel", "qtconsole", "testpath", "pygments", "notebook", "nose (>=0.10.1)", "Sphinx (>=1.3)", "ipywidgets", "nbconvert"]
doc = ["Sphinx (>=1.3)"]
kernel = ["ipykernel"]
nbconvert = ["nbconvert"]
nbformat = ["nbformat"]
notebook = ["notebook", "ipywidgets"]
parallel = ["ipyparallel"]
qtconsole = ["qtconsole"]
test = ["nose (>=0.10.1)", "requests", "testpath", "pygments", "nbformat", "ipykernel", "numpy"]

[[package]]
category = "dev"
description = "Vestigial utilities from IPython"
name = "ipython-genutils"
optional = false
python-versions = "*"
version = "0.2.0"

[[package]]
category = "dev"
description = "An autocompletion tool for Python that can be used for text editors."
name = "jedi"
optional = false
python-versions = ">=2.7, !=3.0.*, !=3.1.*, !=3.2.*, !=3.3.*"
version = "0.14.0"

[package.dependencies]
parso = ">=0.3.0"

[package.extras]
testing = ["colorama", "docopt", "pytest (>=3.1.0)"]

[[package]]
category = "main"
description = "Sass for Python: A straightforward binding of libsass for Python."
name = "libsass"
optional = false
python-versions = "*"
version = "0.14.5"

[package.dependencies]
six = "*"

[package.extras]
upload_appveyor_builds = ["twine (1.5.0)"]

[[package]]
category = "dev"
description = "SSH2 protocol library"
name = "paramiko"
optional = false
python-versions = "*"
version = "2.6.0"

[package.dependencies]
bcrypt = ">=3.1.3"
cryptography = ">=2.5"
pynacl = ">=1.0.1"

[package.extras]
gssapi = ["pyasn1 (>=0.1.7)", "gssapi (>=1.4.1)", "pywin32 (>=2.1.8)"]

[[package]]
category = "dev"
description = "A Python Parser"
name = "parso"
optional = false
python-versions = "*"
version = "0.5.0"

[package.extras]
testing = ["docopt", "pytest (>=3.0.7)"]

[[package]]
category = "dev"
description = "Pexpect allows easy control of interactive console applications."
marker = "python_version >= \"3.3\" and sys_platform != \"win32\" or sys_platform != \"win32\""
name = "pexpect"
optional = false
python-versions = "*"
version = "4.7.0"

[package.dependencies]
ptyprocess = ">=0.5"

[[package]]
category = "dev"
description = "Tiny 'shelve'-like database with concurrency support"
name = "pickleshare"
optional = false
python-versions = "*"
version = "0.7.5"

[[package]]
category = "dev"
description = "Library for building powerful interactive command lines in Python"
name = "prompt-toolkit"
optional = false
python-versions = "*"
version = "1.0.16"

[package.dependencies]
six = ">=1.9.0"
wcwidth = "*"

[[package]]
category = "main"
description = "psycopg2 - Python-PostgreSQL Database Adapter"
name = "psycopg2"
optional = false
python-versions = ">=2.7,!=3.0.*,!=3.1.*,!=3.2.*,!=3.3.*"
version = "2.8.3"

[[package]]
category = "dev"
description = "Run a subprocess in a pseudo terminal"
marker = "python_version >= \"3.3\" and sys_platform != \"win32\" or sys_platform != \"win32\" or python_version >= \"3.3\" and sys_platform != \"win32\" and (python_version >= \"3.3\" and sys_platform != \"win32\" or sys_platform != \"win32\")"
name = "ptyprocess"
optional = false
python-versions = "*"
version = "0.6.0"

[[package]]
category = "dev"
description = "C parser in Python"
name = "pycparser"
optional = false
python-versions = ">=2.7, !=3.0.*, !=3.1.*, !=3.2.*, !=3.3.*"
version = "2.19"

[[package]]
category = "dev"
description = "Pygments is a syntax highlighting package written in Python."
name = "pygments"
optional = false
python-versions = ">=2.7, !=3.0.*, !=3.1.*, !=3.2.*, !=3.3.*, !=3.4.*"
version = "2.4.2"

[[package]]
category = "dev"
description = "Python binding to the Networking and Cryptography (NaCl) library"
name = "pynacl"
optional = false
python-versions = "*"
version = "1.3.0"

[package.dependencies]
cffi = ">=1.4.1"
six = "*"

[package.extras]
docs = ["sphinx (>=1.6.5)", "sphinx-rtd-theme"]
tests = ["pytest (>=3.2.1,<3.3.0 || >3.3.0)", "hypothesis (>=3.27.0)"]

[[package]]
category = "main"
description = "Pure python memcached client"
name = "python-memcached"
optional = false
python-versions = "*"
version = "1.59"

[package.dependencies]
six = ">=1.4.0"

[[package]]
category = "main"
description = "World timezone definitions, modern and historical"
name = "pytz"
optional = false
python-versions = "*"
version = "2019.1"

[[package]]
category = "main"
description = "Raven is a client for Sentry (https://getsentry.com)"
name = "raven"
optional = false
python-versions = "*"
version = "6.10.0"

[package.extras]
flask = ["Flask (>=0.8)", "blinker (>=1.1)"]
tests = ["bottle", "celery (>=2.5)", "coverage (<4)", "exam (>=0.5.2)", "flake8 (3.5.0)", "logbook", "mock", "nose", "pytz", "pytest (>=3.2.0,<3.3.0)", "pytest-timeout (1.2.1)", "pytest-xdist (1.18.2)", "pytest-pythonpath (0.7.2)", "pytest-cov (2.5.1)", "pytest-flake8 (1.0.0)", "requests", "tornado (>=4.1,<5.0)", "tox", "webob", "webtest", "wheel", "anyjson", "zconfig", "Flask (>=0.8)", "blinker (>=1.1)", "Flask-Login (>=0.2.0)", "blinker (>=1.1)", "sanic (>=0.7.0)", "aiohttp"]

[[package]]
category = "dev"
description = "Simple generic functions (similar to Python's own len(), pickle.dump(), etc.)"
name = "simplegeneric"
optional = false
python-versions = "*"
version = "0.8.1"

[[package]]
category = "main"
description = "Python 2 and 3 compatibility utilities"
name = "six"
optional = false
python-versions = ">=2.6, !=3.0.*, !=3.1.*"
version = "1.12.0"

[[package]]
category = "main"
description = "Non-validating SQL parser"
name = "sqlparse"
optional = false
python-versions = ">=2.7, !=3.0.*, !=3.1.*, !=3.2.*, !=3.3.*"
version = "0.3.0"

[[package]]
category = "dev"
description = "Traitlets Python config system"
name = "traitlets"
optional = false
python-versions = "*"
version = "4.3.2"

[package.dependencies]
decorator = "*"
ipython-genutils = "*"
six = "*"

[package.extras]
test = ["pytest", "mock"]

[[package]]
category = "dev"
description = "Measures number of Terminal column cells of wide-character codes"
name = "wcwidth"
optional = false
python-versions = "*"
version = "0.1.7"

[metadata]
content-hash = "40f80f919b8978b96ce095ce4367e6f33f5352f914f5d5c75bb81760f7443d88"
python-versions = "3.6.*"

[metadata.files]
appnope = [
    {file = "appnope-0.1.0-py2.py3-none-any.whl", hash = "sha256:5b26757dc6f79a3b7dc9fab95359328d5747fcb2409d331ea66d0272b90ab2a0"},
    {file = "appnope-0.1.0.tar.gz", hash = "sha256:8b995ffe925347a2138d7ac0fe77155e4311a0ea6d6da4f5128fe4b3cbe5ed71"},
]
asn1crypto = [
    {file = "asn1crypto-0.24.0-py2.py3-none-any.whl", hash = "sha256:2f1adbb7546ed199e3c90ef23ec95c5cf3585bac7d11fb7eb562a3fe89c64e87"},
    {file = "asn1crypto-0.24.0.tar.gz", hash = "sha256:9d5c20441baf0cb60a4ac34cc447c6c189024b6b4c6cd7877034f4965c464e49"},
]
backcall = [
    {file = "backcall-0.1.0.tar.gz", hash = "sha256:38ecd85be2c1e78f77fd91700c76e14667dc21e2713b63876c0eb901196e01e4"},
    {file = "backcall-0.1.0.zip", hash = "sha256:bbbf4b1e5cd2bdb08f915895b51081c041bac22394fdfcfdfbe9f14b77c08bf2"},
]
bcrypt = [
    {file = "bcrypt-3.1.7-cp27-cp27m-macosx_10_6_intel.whl", hash = "sha256:d7bdc26475679dd073ba0ed2766445bb5b20ca4793ca0db32b399dccc6bc84b7"},
    {file = "bcrypt-3.1.7-cp27-cp27m-manylinux1_x86_64.whl", hash = "sha256:69361315039878c0680be456640f8705d76cb4a3a3fe1e057e0f261b74be4b31"},
    {file = "bcrypt-3.1.7-cp27-cp27m-win32.whl", hash = "sha256:5432dd7b34107ae8ed6c10a71b4397f1c853bd39a4d6ffa7e35f40584cffd161"},
    {file = "bcrypt-3.1.7-cp27-cp27m-win_amd64.whl", hash = "sha256:9fe92406c857409b70a38729dbdf6578caf9228de0aef5bc44f859ffe971a39e"},
    {file = "bcrypt-3.1.7-cp27-cp27mu-manylinux1_x86_64.whl", hash = "sha256:763669a367869786bb4c8fcf731f4175775a5b43f070f50f46f0b59da45375d0"},
    {file = "bcrypt-3.1.7-cp34-abi3-macosx_10_6_intel.whl", hash = "sha256:a190f2a5dbbdbff4b74e3103cef44344bc30e61255beb27310e2aec407766052"},
    {file = "bcrypt-3.1.7-cp34-abi3-manylinux1_x86_64.whl", hash = "sha256:c9457fa5c121e94a58d6505cadca8bed1c64444b83b3204928a866ca2e599105"},
    {file = "bcrypt-3.1.7-cp34-cp34m-win32.whl", hash = "sha256:8b10acde4e1919d6015e1df86d4c217d3b5b01bb7744c36113ea43d529e1c3de"},
    {file = "bcrypt-3.1.7-cp34-cp34m-win_amd64.whl", hash = "sha256:cb93f6b2ab0f6853550b74e051d297c27a638719753eb9ff66d1e4072be67133"},
    {file = "bcrypt-3.1.7-cp35-cp35m-win32.whl", hash = "sha256:6fe49a60b25b584e2f4ef175b29d3a83ba63b3a4df1b4c0605b826668d1b6be5"},
    {file = "bcrypt-3.1.7-cp35-cp35m-win_amd64.whl", hash = "sha256:a595c12c618119255c90deb4b046e1ca3bcfad64667c43d1166f2b04bc72db09"},
    {file = "bcrypt-3.1.7-cp36-cp36m-win32.whl", hash = "sha256:74a015102e877d0ccd02cdeaa18b32aa7273746914a6c5d0456dd442cb65b99c"},
    {file = "bcrypt-3.1.7-cp36-cp36m-win_amd64.whl", hash = "sha256:0258f143f3de96b7c14f762c770f5fc56ccd72f8a1857a451c1cd9a655d9ac89"},
    {file = "bcrypt-3.1.7-cp37-cp37m-win32.whl", hash = "sha256:19a4b72a6ae5bb467fea018b825f0a7d917789bcfe893e53f15c92805d187294"},
    {file = "bcrypt-3.1.7-cp37-cp37m-win_amd64.whl", hash = "sha256:ff032765bb8716d9387fd5376d987a937254b0619eff0972779515b5c98820bc"},
    {file = "bcrypt-3.1.7-cp38-cp38-win32.whl", hash = "sha256:ce4e4f0deb51d38b1611a27f330426154f2980e66582dc5f438aad38b5f24fc1"},
    {file = "bcrypt-3.1.7-cp38-cp38-win_amd64.whl", hash = "sha256:6305557019906466fc42dbc53b46da004e72fd7a551c044a827e572c82191752"},
    {file = "bcrypt-3.1.7.tar.gz", hash = "sha256:0b0069c752ec14172c5f78208f1863d7ad6755a6fae6fe76ec2c80d13be41e42"},
]
cffi = [
    {file = "cffi-1.12.3-cp27-cp27m-macosx_10_6_intel.whl", hash = "sha256:5662ad4e4e84f1eaa8efce5da695c5d2e229c563f9d5ce5b0113f71321bcf753"},
    {file = "cffi-1.12.3-cp27-cp27m-manylinux1_i686.whl", hash = "sha256:a8dccd61d52a8dae4a825cdbb7735da530179fea472903eb871a5513b5abbfdc"},
    {file = "cffi-1.12.3-cp27-cp27m-manylinux1_x86_64.whl", hash = "sha256:4aa8ee7ba27c472d429b980c51e714a24f47ca296d53f4d7868075b175866f4b"},
    {file = "cffi-1.12.3-cp27-cp27m-win32.whl", hash = "sha256:34c77afe85b6b9e967bd8154e3855e847b70ca42043db6ad17f26899a3df1b25"},
    {file = "cffi-1.12.3-cp27-cp27m-win_amd64.whl", hash = "sha256:a5457d47dfff24882a21492e5815f891c0ca35fefae8aa742c6c263dac16ef1f"},
    {file = "cffi-1.12.3-cp27-cp27mu-manylinux1_i686.whl", hash = "sha256:46de5fa00f7ac09f020729148ff632819649b3e05a007d286242c4882f7b1dc3"},
    {file = "cffi-1.12.3-cp27-cp27mu-manylinux1_x86_64.whl", hash = "sha256:2444d0c61f03dcd26dbf7600cf64354376ee579acad77aef459e34efcb438c63"},
    {file = "cffi-1.12.3-cp34-cp34m-macosx_10_6_intel.whl", hash = "sha256:a2e85dc204556657661051ff4bab75a84e968669765c8a2cd425918699c3d0e8"},
    {file = "cffi-1.12.3-cp34-cp34m-manylinux1_i686.whl", hash = "sha256:55cad9a6df1e2a1d62063f79d0881a414a906a6962bc160ac968cc03ed3efcfb"},
    {file = "cffi-1.12.3-cp34-cp34m-manylinux1_x86_64.whl", hash = "sha256:d2c5cfa536227f57f97c92ac30c8109688ace8fa4ac086d19d0af47d134e2909"},
    {file = "cffi-1.12.3-cp34-cp34m-win32.whl", hash = "sha256:ed851c75d1e0e043cbf5ca9a8e1b13c4c90f3fbd863dacb01c0808e2b5204201"},
    {file = "cffi-1.12.3-cp34-cp34m-win_amd64.whl", hash = "sha256:d42b5796e20aacc9d15e66befb7a345454eef794fdb0737d1af593447c6c8f45"},
    {file = "cffi-1.12.3-cp35-cp35m-macosx_10_6_intel.whl", hash = "sha256:046ef9a22f5d3eed06334d01b1e836977eeef500d9b78e9ef693f9380ad0b83d"},
    {file = "cffi-1.12.3-cp35-cp35m-manylinux1_i686.whl", hash = "sha256:e1ff2748c84d97b065cc95429814cdba39bcbd77c9c85c89344b317dc0d9cbff"},
    {file = "cffi-1.12.3-cp35-cp35m-manylinux1_x86_64.whl", hash = "sha256:4d0004eb4351e35ed950c14c11e734182591465a33e960a4ab5e8d4f04d72647"},
    {file = "cffi-1.12.3-cp35-cp35m-win32.whl", hash = "sha256:4e3d3f31a1e202b0f5a35ba3bc4eb41e2fc2b11c1eff38b362de710bcffb5016"},
    {file = "cffi-1.12.3-cp35-cp35m-win_amd64.whl", hash = "sha256:066bc4c7895c91812eff46f4b1c285220947d4aa46fa0a2651ff85f2afae9c90"},
    {file = "cffi-1.12.3-cp36-cp36m-macosx_10_6_intel.whl", hash = "sha256:73e1ffefe05e4ccd7bcea61af76f36077b914f92b76f95ccf00b0c1b9186f3f9"},
    {file = "cffi-1.12.3-cp36-cp36m-manylinux1_i686.whl", hash = "sha256:b012a5edb48288f77a63dba0840c92d0504aa215612da4541b7b42d849bc83a3"},
    {file = "cffi-1.12.3-cp36-cp36m-manylinux1_x86_64.whl", hash = "sha256:59b4dc008f98fc6ee2bb4fd7fc786a8d70000d058c2bbe2698275bc53a8d3fa7"},
    {file = "cffi-1.12.3-cp36-cp36m-win32.whl", hash = "sha256:300832850b8f7967e278870c5d51e3819b9aad8f0a2c8dbe39ab11f119237f45"},
    {file = "cffi-1.12.3-cp36-cp36m-win_amd64.whl", hash = "sha256:066c7ff148ae33040c01058662d6752fd73fbc8e64787229ea8498c7d7f4041b"},
    {file = "cffi-1.12.3-cp37-cp37m-macosx_10_9_x86_64.whl", hash = "sha256:a1f0fd46eba2d71ce1589f7e50a9e2ffaeb739fb2c11e8192aa2b45d5f6cc41f"},
    {file = "cffi-1.12.3-cp37-cp37m-manylinux1_i686.whl", hash = "sha256:50bec6d35e6b1aaeb17f7c4e2b9374ebf95a8975d57863546fa83e8d31bdb8c4"},
    {file = "cffi-1.12.3-cp37-cp37m-manylinux1_x86_64.whl", hash = "sha256:ae61af521ed676cf16ae94f30fe202781a38d7178b6b4ab622e4eec8cefaff42"},
    {file = "cffi-1.12.3-cp37-cp37m-win32.whl", hash = "sha256:dee54f5d30d775f525894d67b1495625dd9322945e7fee00731952e0368ff42d"},
    {file = "cffi-1.12.3-cp37-cp37m-win_amd64.whl", hash = "sha256:e070535507bd6aa07124258171be2ee8dfc19119c28ca94c9dfb7efd23564512"},
    {file = "cffi-1.12.3.tar.gz", hash = "sha256:041c81822e9f84b1d9c401182e174996f0bae9991f33725d059b771744290774"},
]
colorama = [
    {file = "colorama-0.4.1-py2.py3-none-any.whl", hash = "sha256:f8ac84de7840f5b9c4e3347b3c1eaa50f7e49c2b07596221daec5edaabbd7c48"},
    {file = "colorama-0.4.1.tar.gz", hash = "sha256:05eed71e2e327246ad6b38c540c4a3117230b19679b875190486ddd2d721422d"},
]
cryptography = [
    {file = "cryptography-2.7-cp27-cp27m-macosx_10_6_intel.whl", hash = "sha256:f57b76e46a58b63d1c6375017f4564a28f19a5ca912691fd2e4261b3414b618d"},
    {file = "cryptography-2.7-cp27-cp27m-manylinux1_x86_64.whl", hash = "sha256:cfee9164954c186b191b91d4193989ca994703b2fff406f71cf454a2d3c7327e"},
    {file = "cryptography-2.7-cp27-cp27m-win32.whl", hash = "sha256:b0db0cecf396033abb4a93c95d1602f268b3a68bb0a9cc06a7cff587bb9a7292"},
    {file = "cryptography-2.7-cp27-cp27m-win_amd64.whl", hash = "sha256:41a0be220dd1ed9e998f5891948306eb8c812b512dc398e5a01846d855050799"},
    {file = "cryptography-2.7-cp27-cp27mu-manylinux1_x86_64.whl", hash = "sha256:ae536da50c7ad1e002c3eee101871d93abdc90d9c5f651818450a0d3af718609"},
    {file = "cryptography-2.7-cp34-abi3-macosx_10_6_intel.whl", hash = "sha256:24b61e5fcb506424d3ec4e18bca995833839bf13c59fc43e530e488f28d46b8c"},
    {file = "cryptography-2.7-cp34-abi3-manylinux1_x86_64.whl", hash = "sha256:96d8473848e984184b6728e2c9d391482008646276c3ff084a1bd89e15ff53a1"},
    {file = "cryptography-2.7-cp34-cp34m-win32.whl", hash = "sha256:25dd1581a183e9e7a806fe0543f485103232f940fcfc301db65e630512cce643"},
    {file = "cryptography-2.7-cp34-cp34m-win_amd64.whl", hash = "sha256:5751d8a11b956fbfa314f6553d186b94aa70fdb03d8a4d4f1c82dcacf0cbe28a"},
    {file = "cryptography-2.7-cp35-cp35m-win32.whl", hash = "sha256:7b97ae6ef5cba2e3bb14256625423413d5ce8d1abb91d4f29b6d1a081da765f8"},
    {file = "cryptography-2.7-cp35-cp35m-win_amd64.whl", hash = "sha256:3452bba7c21c69f2df772762be0066c7ed5dc65df494a1d53a58b683a83e1216"},
    {file = "cryptography-2.7-cp36-cp36m-win32.whl", hash = "sha256:72e24c521fa2106f19623a3851e9f89ddfdeb9ac63871c7643790f872a305dfc"},
    {file = "cryptography-2.7-cp36-cp36m-win_amd64.whl", hash = "sha256:5f61c7d749048fa6e3322258b4263463bfccefecb0dd731b6561cb617a1d9bb9"},
    {file = "cryptography-2.7-cp37-cp37m-win32.whl", hash = "sha256:961e886d8a3590fd2c723cf07be14e2a91cf53c25f02435c04d39e90780e3b53"},
    {file = "cryptography-2.7-cp37-cp37m-win_amd64.whl", hash = "sha256:f27d93f0139a3c056172ebb5d4f9056e770fdf0206c2f422ff2ebbad142e09ed"},
    {file = "cryptography-2.7.tar.gz", hash = "sha256:e6347742ac8f35ded4a46ff835c60e68c22a536a8ae5c4422966d06946b6d4c6"},
]
decorator = [
    {file = "decorator-4.4.0-py2.py3-none-any.whl", hash = "sha256:f069f3a01830ca754ba5258fde2278454a0b5b79e0d7f5c13b3b97e57d4acff6"},
    {file = "decorator-4.4.0.tar.gz", hash = "sha256:86156361c50488b84a3f148056ea716ca587df2f0de1d34750d35c21312725de"},
]
django = [
    {file = "Django-2.2.13-py3-none-any.whl", hash = "sha256:e8fe3c2b2212dce6126becab7a693157f1a441a07b62ec994c046c76af5bb66d"},
    {file = "Django-2.2.13.tar.gz", hash = "sha256:84f370f6acedbe1f3c41e1a02de44ac206efda3355e427139ecb785b5f596d80"},
]
django-debug-toolbar = [
    {file = "django-debug-toolbar-1.11.tar.gz", hash = "sha256:89d75b60c65db363fb24688d977e5fbf0e73386c67acf562d278402a10fc3736"},
    {file = "django_debug_toolbar-1.11-py2.py3-none-any.whl", hash = "sha256:c2b0134119a624f4ac9398b44f8e28a01c7686ac350a12a74793f3dd57a9eea0"},
]
fabric3 = [
    {file = "Fabric3-1.14.post1-py3-none-any.whl", hash = "sha256:7c5a5f2eb3079eb6bd2a69931f1ca298844c730ce3fdc68111db16e8857a0408"},
    {file = "Fabric3-1.14.post1.tar.gz", hash = "sha256:647e485ec83f30b587862f92374d6affc217f3d79819d1d7f512e42e7ae51e81"},
]
gunicorn = [
    {file = "gunicorn-19.9.0-py2.py3-none-any.whl", hash = "sha256:aa8e0b40b4157b36a5df5e599f45c9c76d6af43845ba3b3b0efe2c70473c2471"},
    {file = "gunicorn-19.9.0.tar.gz", hash = "sha256:fa2662097c66f920f53f70621c6c58ca4a3c4d3434205e608e121b5b3b71f4f3"},
]
ipdb = [
    {file = "ipdb-0.11.tar.gz", hash = "sha256:7081c65ed7bfe7737f83fa4213ca8afd9617b42ff6b3f1daf9a3419839a2a00a"},
]
ipython = [
    {file = "ipython-6.5.0-py3-none-any.whl", hash = "sha256:007dcd929c14631f83daff35df0147ea51d1af420da303fd078343878bd5fb62"},
    {file = "ipython-6.5.0.tar.gz", hash = "sha256:b0f2ef9eada4a68ef63ee10b6dde4f35c840035c50fd24265f8052c98947d5a4"},
]
ipython-genutils = [
    {file = "ipython_genutils-0.2.0-py2.py3-none-any.whl", hash = "sha256:72dd37233799e619666c9f639a9da83c34013a73e8bbc79a7a6348d93c61fab8"},
    {file = "ipython_genutils-0.2.0.tar.gz", hash = "sha256:eb2e116e75ecef9d4d228fdc66af54269afa26ab4463042e33785b887c628ba8"},
]
jedi = [
    {file = "jedi-0.14.0-py2.py3-none-any.whl", hash = "sha256:79d0f6595f3846dffcbe667cc6dc821b96e5baa8add125176c31a3917eb19d58"},
    {file = "jedi-0.14.0.tar.gz", hash = "sha256:49ccb782651bb6f7009810d17a3316f8867dde31654c750506970742e18b553d"},
]
libsass = [
    {file = "libsass-0.14.5-cp27-cp27m-macosx_10_13_intel.whl", hash = "sha256:1cf80c04a77d36fd77f00b1ae0a269eee780d971fabd9d493b15d30de9857ae5"},
    {file = "libsass-0.14.5-cp27-cp27m-win32.whl", hash = "sha256:a0ffca466b35fb57f2afe1f1c5fd39b4c51a4107596d28ef8c0d3bb0962244b5"},
    {file = "libsass-0.14.5-cp27-cp27m-win_amd64.whl", hash = "sha256:62771c8ead9227579891814dd714be645243741aa23e5cb232ac0c245cf29a37"},
    {file = "libsass-0.14.5-cp27-cp27mu-manylinux1_x86_64.whl", hash = "sha256:1d55dfe8e91a15a7d72d7f8aca16e74da36899e70d911af66d7184f1c82e2b39"},
    {file = "libsass-0.14.5-cp34-cp34m-manylinux1_x86_64.whl", hash = "sha256:cbd5ee83d3603a2b2c2937d8f06acc07b30fd22642ea2460c966d4fd6217f1d0"},
    {file = "libsass-0.14.5-cp34-cp34m-win32.whl", hash = "sha256:7b9e7179b5f4fc32bc716f86e9ccaeb48ab90e7eb6648b339440346733af8828"},
    {file = "libsass-0.14.5-cp34-cp34m-win_amd64.whl", hash = "sha256:0f2e421d3e5a53833243e0a5f2cf7ebe9812725a7f27a797c38f3c7190ce2a82"},
    {file = "libsass-0.14.5-cp35-cp35m-manylinux1_x86_64.whl", hash = "sha256:4dcd5b546bed977276f97eb7a2a13cb7cbf0a38d672e7b5525b7587c8cabcf27"},
    {file = "libsass-0.14.5-cp35-cp35m-win32.whl", hash = "sha256:e00b6c6d75a6e912990cbc23d48ddfdbfefc3e400c20be6593988839292248c5"},
    {file = "libsass-0.14.5-cp35-cp35m-win_amd64.whl", hash = "sha256:23755425149fe0f576fd0ab7bcd151fe09400b2d980fe176c28f6c19e053c830"},
    {file = "libsass-0.14.5-cp36-cp36m-macosx_10_13_x86_64.whl", hash = "sha256:1b74aff85f1560d629a070552ec67f9f0ff9a47446ffafddafad9944f7589ae1"},
    {file = "libsass-0.14.5-cp36-cp36m-manylinux1_x86_64.whl", hash = "sha256:4a434d5b713b97c4141fb71c59341d4ebff8669114b14c626af51e145a48710e"},
    {file = "libsass-0.14.5-cp36-cp36m-win32.whl", hash = "sha256:de1eae502764b3dde294d6652a0046489cf31008de190c4dd8d05e7f4b5e0d71"},
    {file = "libsass-0.14.5-cp36-cp36m-win_amd64.whl", hash = "sha256:ed8beef197efc6e6ab0ad03cea0885b31cc11f226290783649b4dafe1fb2ea27"},
    {file = "libsass-0.14.5-cp37-cp37m-manylinux1_x86_64.whl", hash = "sha256:bb9735066391189b3c0383254d20d59aaafb438d632d7de551c264f16486e773"},
    {file = "libsass-0.14.5.tar.gz", hash = "sha256:727fb84326ffa930bc09fad8b706e77ada4d13b3adf35cce134962a434d7eccb"},
]
paramiko = [
    {file = "paramiko-2.6.0-py2.py3-none-any.whl", hash = "sha256:99f0179bdc176281d21961a003ffdb2ec369daac1a1007241f53374e376576cf"},
    {file = "paramiko-2.6.0.tar.gz", hash = "sha256:f4b2edfa0d226b70bd4ca31ea7e389325990283da23465d572ed1f70a7583041"},
]
parso = [
    {file = "parso-0.5.0-py2.py3-none-any.whl", hash = "sha256:5052bb33be034cba784193e74b1cde6ebf29ae8b8c1e4ad94df0c4209bfc4826"},
    {file = "parso-0.5.0.tar.gz", hash = "sha256:db5881df1643bf3e66c097bfd8935cf03eae73f4cb61ae4433c9ea4fb6613446"},
]
pexpect = [
    {file = "pexpect-4.7.0-py2.py3-none-any.whl", hash = "sha256:2094eefdfcf37a1fdbfb9aa090862c1a4878e5c7e0e7e7088bdb511c558e5cd1"},
    {file = "pexpect-4.7.0.tar.gz", hash = "sha256:9e2c1fd0e6ee3a49b28f95d4b33bc389c89b20af6a1255906e90ff1262ce62eb"},
]
pickleshare = [
    {file = "pickleshare-0.7.5-py2.py3-none-any.whl", hash = "sha256:9649af414d74d4df115d5d718f82acb59c9d418196b7b4290ed47a12ce62df56"},
    {file = "pickleshare-0.7.5.tar.gz", hash = "sha256:87683d47965c1da65cdacaf31c8441d12b8044cdec9aca500cd78fc2c683afca"},
]
prompt-toolkit = [
    {file = "prompt_toolkit-1.0.16-py2-none-any.whl", hash = "sha256:955d81315bb7a049f19cd17d1a73f1a40861483260f7dffd825e98303a8bd6b6"},
    {file = "prompt_toolkit-1.0.16-py3-none-any.whl", hash = "sha256:1e71341526efa4b11bb44d323e687a5d9cef204aabe2907e3f0dc1534cda0ecc"},
    {file = "prompt_toolkit-1.0.16.tar.gz", hash = "sha256:c1cedd626e08b8ee830ee65897de754113ff3f3035880030c08b01674d85c5b4"},
]
psycopg2 = [
    {file = "psycopg2-2.8.3-cp27-cp27m-win32.whl", hash = "sha256:2315e7f104681d498ccf6fd70b0dba5bce65d60ac92171492bfe228e21dcc242"},
    {file = "psycopg2-2.8.3-cp27-cp27m-win_amd64.whl", hash = "sha256:4b5417dcd2999db0f5a891d54717cfaee33acc64f4772c4bc574d4ff95ed9d80"},
    {file = "psycopg2-2.8.3-cp34-cp34m-win32.whl", hash = "sha256:b1b8e41da09a0c3ef0b3d4bb72da0dde2abebe583c1e8462973233fd5ad0235f"},
    {file = "psycopg2-2.8.3-cp34-cp34m-win_amd64.whl", hash = "sha256:640113ddc943522aaf71294e3f2d24013b0edd659b7820621492c9ebd3a2fb0b"},
    {file = "psycopg2-2.8.3-cp35-cp35m-win32.whl", hash = "sha256:128d0fa910ada0157bba1cb74a9c5f92bb8a1dca77cf91a31eb274d1f889e001"},
    {file = "psycopg2-2.8.3-cp35-cp35m-win_amd64.whl", hash = "sha256:f0e6b697a975d9d3ccd04135316c947dd82d841067c7800ccf622a8717e98df1"},
    {file = "psycopg2-2.8.3-cp36-cp36m-win32.whl", hash = "sha256:8dceca81409898c870e011c71179454962dec152a1a6b86a347f4be74b16d864"},
    {file = "psycopg2-2.8.3-cp36-cp36m-win_amd64.whl", hash = "sha256:d3a27550a8185e53b244ad7e79e307594b92fede8617d80200a8cce1fba2c60f"},
    {file = "psycopg2-2.8.3-cp37-cp37m-win32.whl", hash = "sha256:227fd46cf9b7255f07687e5bde454d7d67ae39ca77e170097cdef8ebfc30c323"},
    {file = "psycopg2-2.8.3-cp37-cp37m-win_amd64.whl", hash = "sha256:cb407fccc12fc29dc331f2b934913405fa49b9b75af4f3a72d0f50f57ad2ca23"},
    {file = "psycopg2-2.8.3.tar.gz", hash = "sha256:897a6e838319b4bf648a574afb6cabcb17d0488f8c7195100d48d872419f4457"},
]
ptyprocess = [
    {file = "ptyprocess-0.6.0-py2.py3-none-any.whl", hash = "sha256:d7cc528d76e76342423ca640335bd3633420dc1366f258cb31d05e865ef5ca1f"},
    {file = "ptyprocess-0.6.0.tar.gz", hash = "sha256:923f299cc5ad920c68f2bc0bc98b75b9f838b93b599941a6b63ddbc2476394c0"},
]
pycparser = [
    {file = "pycparser-2.19.tar.gz", hash = "sha256:a988718abfad80b6b157acce7bf130a30876d27603738ac39f140993246b25b3"},
]
pygments = [
    {file = "Pygments-2.4.2-py2.py3-none-any.whl", hash = "sha256:71e430bc85c88a430f000ac1d9b331d2407f681d6f6aec95e8bcfbc3df5b0127"},
    {file = "Pygments-2.4.2.tar.gz", hash = "sha256:881c4c157e45f30af185c1ffe8d549d48ac9127433f2c380c24b84572ad66297"},
]
pynacl = [
    {file = "PyNaCl-1.3.0-cp27-cp27m-macosx_10_6_intel.whl", hash = "sha256:2424c8b9f41aa65bbdbd7a64e73a7450ebb4aa9ddedc6a081e7afcc4c97f7621"},
    {file = "PyNaCl-1.3.0-cp27-cp27m-manylinux1_i686.whl", hash = "sha256:30f36a9c70450c7878053fa1344aca0145fd47d845270b43a7ee9192a051bf39"},
    {file = "PyNaCl-1.3.0-cp27-cp27m-manylinux1_x86_64.whl", hash = "sha256:05c26f93964373fc0abe332676cb6735f0ecad27711035b9472751faa8521255"},
    {file = "PyNaCl-1.3.0-cp27-cp27m-win32.whl", hash = "sha256:a14e499c0f5955dcc3991f785f3f8e2130ed504fa3a7f44009ff458ad6bdd17f"},
    {file = "PyNaCl-1.3.0-cp27-cp27m-win_amd64.whl", hash = "sha256:f67814c38162f4deb31f68d590771a29d5ae3b1bd64b75cf232308e5c74777e0"},
    {file = "PyNaCl-1.3.0-cp27-cp27mu-manylinux1_i686.whl", hash = "sha256:e2da3c13307eac601f3de04887624939aca8ee3c9488a0bb0eca4fb9401fc6b1"},
    {file = "PyNaCl-1.3.0-cp27-cp27mu-manylinux1_x86_64.whl", hash = "sha256:0d0a8171a68edf51add1e73d2159c4bc19fc0718e79dec51166e940856c2f28e"},
    {file = "PyNaCl-1.3.0-cp34-abi3-macosx_10_6_intel.whl", hash = "sha256:4943decfc5b905748f0756fdd99d4f9498d7064815c4cf3643820c9028b711d1"},
    {file = "PyNaCl-1.3.0-cp34-abi3-manylinux1_i686.whl", hash = "sha256:5bd61e9b44c543016ce1f6aef48606280e45f892a928ca7068fba30021e9b786"},
    {file = "PyNaCl-1.3.0-cp34-abi3-manylinux1_x86_64.whl", hash = "sha256:aabb0c5232910a20eec8563503c153a8e78bbf5459490c49ab31f6adf3f3a415"},
    {file = "PyNaCl-1.3.0-cp34-cp34m-win32.whl", hash = "sha256:7d3ce02c0784b7cbcc771a2da6ea51f87e8716004512493a2b69016326301c3b"},
    {file = "PyNaCl-1.3.0-cp34-cp34m-win_amd64.whl", hash = "sha256:1c780712b206317a746ace34c209b8c29dbfd841dfbc02aa27f2084dd3db77ae"},
    {file = "PyNaCl-1.3.0-cp35-cp35m-win32.whl", hash = "sha256:37aa336a317209f1bb099ad177fef0da45be36a2aa664507c5d72015f956c310"},
    {file = "PyNaCl-1.3.0-cp35-cp35m-win_amd64.whl", hash = "sha256:57ef38a65056e7800859e5ba9e6091053cd06e1038983016effaffe0efcd594a"},
    {file = "PyNaCl-1.3.0-cp36-cp36m-win32.whl", hash = "sha256:a39f54ccbcd2757d1d63b0ec00a00980c0b382c62865b61a505163943624ab20"},
    {file = "PyNaCl-1.3.0-cp36-cp36m-win_amd64.whl", hash = "sha256:6482d3017a0c0327a49dddc8bd1074cc730d45db2ccb09c3bac1f8f32d1eb61b"},
    {file = "PyNaCl-1.3.0-cp37-cp37m-win32.whl", hash = "sha256:2d23c04e8d709444220557ae48ed01f3f1086439f12dbf11976e849a4926db56"},
    {file = "PyNaCl-1.3.0-cp37-cp37m-win_amd64.whl", hash = "sha256:bd4ecb473a96ad0f90c20acba4f0bf0df91a4e03a1f4dd6a4bdc9ca75aa3a715"},
    {file = "PyNaCl-1.3.0-cp38-cp38-win32.whl", hash = "sha256:53126cd91356342dcae7e209f840212a58dcf1177ad52c1d938d428eebc9fee5"},
    {file = "PyNaCl-1.3.0-cp38-cp38-win_amd64.whl", hash = "sha256:bf459128feb543cfca16a95f8da31e2e65e4c5257d2f3dfa8c0c1031139c9c92"},
    {file = "PyNaCl-1.3.0.tar.gz", hash = "sha256:0c6100edd16fefd1557da078c7a31e7b7d7a52ce39fdca2bec29d4f7b6e7600c"},
]
python-memcached = [
    {file = "python-memcached-1.59.tar.gz", hash = "sha256:a2e28637be13ee0bf1a8b6843e7490f9456fd3f2a4cb60471733c7b5d5557e4f"},
    {file = "python_memcached-1.59-py2.py3-none-any.whl", hash = "sha256:4dac64916871bd3550263323fc2ce18e1e439080a2d5670c594cf3118d99b594"},
]
pytz = [
    {file = "pytz-2019.1-py2.py3-none-any.whl", hash = "sha256:303879e36b721603cc54604edcac9d20401bdbe31e1e4fdee5b9f98d5d31dfda"},
    {file = "pytz-2019.1.tar.gz", hash = "sha256:d747dd3d23d77ef44c6a3526e274af6efeb0a6f1afd5a69ba4d5be4098c8e141"},
]
raven = [
    {file = "raven-6.10.0-py2.py3-none-any.whl", hash = "sha256:44a13f87670836e153951af9a3c80405d36b43097db869a36e92809673692ce4"},
    {file = "raven-6.10.0.tar.gz", hash = "sha256:3fa6de6efa2493a7c827472e984ce9b020797d0da16f1db67197bcc23c8fae54"},
]
simplegeneric = [
    {file = "simplegeneric-0.8.1.zip", hash = "sha256:dc972e06094b9af5b855b3df4a646395e43d1c9d0d39ed345b7393560d0b9173"},
]
six = [
    {file = "six-1.12.0-py2.py3-none-any.whl", hash = "sha256:3350809f0555b11f552448330d0b52d5f24c91a322ea4a15ef22629740f3761c"},
    {file = "six-1.12.0.tar.gz", hash = "sha256:d16a0141ec1a18405cd4ce8b4613101da75da0e9a7aec5bdd4fa804d0e0eba73"},
]
sqlparse = [
    {file = "sqlparse-0.3.0-py2.py3-none-any.whl", hash = "sha256:40afe6b8d4b1117e7dff5504d7a8ce07d9a1b15aeeade8a2d10f130a834f8177"},
    {file = "sqlparse-0.3.0.tar.gz", hash = "sha256:7c3dca29c022744e95b547e867cee89f4fce4373f3549ccd8797d8eb52cdb873"},
]
traitlets = [
    {file = "traitlets-4.3.2-py2.py3-none-any.whl", hash = "sha256:c6cb5e6f57c5a9bdaa40fa71ce7b4af30298fbab9ece9815b5d995ab6217c7d9"},
    {file = "traitlets-4.3.2.tar.gz", hash = "sha256:9c4bd2d267b7153df9152698efb1050a5d84982d3384a37b2c1f7723ba3e7835"},
]
wcwidth = [
    {file = "wcwidth-0.1.7-py2.py3-none-any.whl", hash = "sha256:f4ebe71925af7b40a864553f761ed559b43544f8f71746c2d756c7fe788ade7c"},
    {file = "wcwidth-0.1.7.tar.gz", hash = "sha256:3df37372226d6e63e1b1e1eda15c594bca98a22d33a23832a90998faa96bc65e"},
]
